
Microsoft Visual Studio Solution File, Format Version 12.00
# Visual Studio 15
Project("{FAE04EC0-301F-11D3-BF4B-00C04F79EFBC}") = "Assembly-CSharp", "Assembly-CSharp.csproj", "{CEFE5808-A21E-3E95-FCE0-816134254439}"
EndProject
Global
	GlobalSection(SolutionConfigurationPlatforms) = preSolution
		Debug|Any CPU = Debug|Any CPU
		Release|Any CPU = Release|Any CPU
	EndGlobalSection
	GlobalSection(ProjectConfigurationPlatforms) = postSolution
		{CEFE5808-A21E-3E95-FCE0-816134254439}.Debug|Any CPU.ActiveCfg = Debug|Any CPU
		{CEFE5808-A21E-3E95-FCE0-816134254439}.Debug|Any CPU.Build.0 = Debug|Any CPU
		{CEFE5808-A21E-3E95-FCE0-816134254439}.Release|Any CPU.ActiveCfg = Release|Any CPU
		{CEFE5808-A21E-3E95-FCE0-816134254439}.Release|Any CPU.Build.0 = Release|Any CPU
	EndGlobalSection
	GlobalSection(SolutionProperties) = preSolution
		HideSolutionNode = FALSE
	EndGlobalSection
EndGlobal
